// !$*UTF8*$!
{
	archiveVersion = 1;
	classes = {
	};
	objectVersion = 55;
	objects = {

/* Begin PBXBuildFile section */
		78FDC98E280CB185007494F5 /* AppDelegate.swift in Sources */ = {isa = PBXBuildFile; fileRef = 78FDC98D280CB185007494F5 /* AppDelegate.swift */; };
		78FDC990280CB185007494F5 /* ViewController.swift in Sources */ = {isa = PBXBuildFile; fileRef = 78FDC98F280CB185007494F5 /* ViewController.swift */; };
		78FDC992280CB187007494F5 /* Assets.xcassets in Resources */ = {isa = PBXBuildFile; fileRef = 78FDC991280CB187007494F5 /* Assets.xcassets */; };
		78FDC995280CB187007494F5 /* Main.storyboard in Resources */ = {isa = PBXBuildFile; fileRef = 78FDC993280CB187007494F5 /* Main.storyboard */; };
		78FDC9A0280CB187007494F5 /* metal_raytracerTests.swift in Sources */ = {isa = PBXBuildFile; fileRef = 78FDC99F280CB187007494F5 /* metal_raytracerTests.swift */; };
		78FDC9AA280CB187007494F5 /* metal_raytracerUITests.swift in Sources */ = {isa = PBXBuildFile; fileRef = 78FDC9A9280CB187007494F5 /* metal_raytracerUITests.swift */; };
		78FDC9AC280CB187007494F5 /* metal_raytracerUITestsLaunchTests.swift in Sources */ = {isa = PBXBuildFile; fileRef = 78FDC9AB280CB187007494F5 /* metal_raytracerUITestsLaunchTests.swift */; };
		78FDC9B9280CB1A6007494F5 /* MainView.swift in Sources */ = {isa = PBXBuildFile; fileRef = 78FDC9B8280CB1A6007494F5 /* MainView.swift */; };
		78FDC9BB280CB2BE007494F5 /* Shaders.metal in Sources */ = {isa = PBXBuildFile; fileRef = 78FDC9BA280CB2BE007494F5 /* Shaders.metal */; };
/* End PBXBuildFile section */

/* Begin PBXContainerItemProxy section */
		78FDC99C280CB187007494F5 /* PBXContainerItemProxy */ = {
			isa = PBXContainerItemProxy;
			containerPortal = 78FDC982280CB185007494F5 /* Project object */;
			proxyType = 1;
			remoteGlobalIDString = 78FDC989280CB185007494F5;
			remoteInfo = "metal-raytracer";
		};
		78FDC9A6280CB187007494F5 /* PBXContainerItemProxy */ = {
			isa = PBXContainerItemProxy;
			containerPortal = 78FDC982280CB185007494F5 /* Project object */;
			proxyType = 1;
			remoteGlobalIDString = 78FDC989280CB185007494F5;
			remoteInfo = "metal-raytracer";
		};
/* End PBXContainerItemProxy section */

/* Begin PBXFileReference section */
		78FDC98A280CB185007494F5 /* metal-raytracer.app */ = {isa = PBXFileReference; explicitFileType = wrapper.application; includeInIndex = 0; path = "metal-raytracer.app"; sourceTree = BUILT_PRODUCTS_DIR; };
		78FDC98D280CB185007494F5 /* AppDelegate.swift */ = {isa = PBXFileReference; lastKnownFileType = sourcecode.swift; path = AppDelegate.swift; sourceTree = "<group>"; };
		78FDC98F280CB185007494F5 /* ViewController.swift */ = {isa = PBXFileReference; lastKnownFileType = sourcecode.swift; path = ViewController.swift; sourceTree = "<group>"; };
		78FDC991280CB187007494F5 /* Assets.xcassets */ = {isa = PBXFileReference; lastKnownFileType = folder.assetcatalog; path = Assets.xcassets; sourceTree = "<group>"; };
		78FDC994280CB187007494F5 /* Base */ = {isa = PBXFileReference; lastKnownFileType = file.storyboard; name = Base; path = Base.lproj/Main.storyboard; sourceTree = "<group>"; };
		78FDC996280CB187007494F5 /* metal_raytracer.entitlements */ = {isa = PBXFileReference; lastKnownFileType = text.plist.entitlements; path = metal_raytracer.entitlements; sourceTree = "<group>"; };
		78FDC99B280CB187007494F5 /* metal-raytracerTests.xctest */ = {isa = PBXFileReference; explicitFileType = wrapper.cfbundle; includeInIndex = 0; path = "metal-raytracerTests.xctest"; sourceTree = BUILT_PRODUCTS_DIR; };
		78FDC99F280CB187007494F5 /* metal_raytracerTests.swift */ = {isa = PBXFileReference; lastKnownFileType = sourcecode.swift; path = metal_raytracerTests.swift; sourceTree = "<group>"; };
		78FDC9A5280CB187007494F5 /* metal-raytracerUITests.xctest */ = {isa = PBXFileReference; explicitFileType = wrapper.cfbundle; includeInIndex = 0; path = "metal-raytracerUITests.xctest"; sourceTree = BUILT_PRODUCTS_DIR; };
		78FDC9A9280CB187007494F5 /* metal_raytracerUITests.swift */ = {isa = PBXFileReference; lastKnownFileType = sourcecode.swift; path = metal_raytracerUITests.swift; sourceTree = "<group>"; };
		78FDC9AB280CB187007494F5 /* metal_raytracerUITestsLaunchTests.swift */ = {isa = PBXFileReference; lastKnownFileType = sourcecode.swift; path = metal_raytracerUITestsLaunchTests.swift; sourceTree = "<group>"; };
		78FDC9B8280CB1A6007494F5 /* MainView.swift */ = {isa = PBXFileReference; lastKnownFileType = sourcecode.swift; path = MainView.swift; sourceTree = "<group>"; };
		78FDC9BA280CB2BE007494F5 /* Shaders.metal */ = {isa = PBXFileReference; lastKnownFileType = sourcecode.metal; path = Shaders.metal; sourceTree = "<group>"; };
/* End PBXFileReference section */

/* Begin PBXFrameworksBuildPhase section */
		78FDC987280CB185007494F5 /* Frameworks */ = {
			isa = PBXFrameworksBuildPhase;
			buildActionMask = 2147483647;
			files = (
			);
			runOnlyForDeploymentPostprocessing = 0;
		};
		78FDC998280CB187007494F5 /* Frameworks */ = {
			isa = PBXFrameworksBuildPhase;
			buildActionMask = 2147483647;
			files = (
			);
			runOnlyForDeploymentPostprocessing = 0;
		};
		78FDC9A2280CB187007494F5 /* Frameworks */ = {
			isa = PBXFrameworksBuildPhase;
			buildActionMask = 2147483647;
			files = (
			);
			runOnlyForDeploymentPostprocessing = 0;
		};
/* End PBXFrameworksBuildPhase section */

/* Begin PBXGroup section */
		78FDC981280CB185007494F5 = {
			isa = PBXGroup;
			children = (
				78FDC98C280CB185007494F5 /* metal-raytracer */,
				78FDC99E280CB187007494F5 /* metal-raytracerTests */,
				78FDC9A8280CB187007494F5 /* metal-raytracerUITests */,
				78FDC98B280CB185007494F5 /* Products */,
			);
			sourceTree = "<group>";
		};
		78FDC98B280CB185007494F5 /* Products */ = {
			isa = PBXGroup;
			children = (
				78FDC98A280CB185007494F5 /* metal-raytracer.app */,
				78FDC99B280CB187007494F5 /* metal-raytracerTests.xctest */,
				78FDC9A5280CB187007494F5 /* metal-raytracerUITests.xctest */,
			);
			name = Products;
			sourceTree = "<group>";
		};
		78FDC98C280CB185007494F5 /* metal-raytracer */ = {
			isa = PBXGroup;
			children = (
				78FDC98D280CB185007494F5 /* AppDelegate.swift */,
				78FDC98F280CB185007494F5 /* ViewController.swift */,
				78FDC991280CB187007494F5 /* Assets.xcassets */,
				78FDC993280CB187007494F5 /* Main.storyboard */,
				78FDC996280CB187007494F5 /* metal_raytracer.entitlements */,
				78FDC9B8280CB1A6007494F5 /* MainView.swift */,
				78FDC9BA280CB2BE007494F5 /* Shaders.metal */,
			);
			path = "metal-raytracer";
			sourceTree = "<group>";
		};
		78FDC99E280CB187007494F5 /* metal-raytracerTests */ = {
			isa = PBXGroup;
			children = (
				78FDC99F280CB187007494F5 /* metal_raytracerTests.swift */,
			);
			path = "metal-raytracerTests";
			sourceTree = "<group>";
		};
		78FDC9A8280CB187007494F5 /* metal-raytracerUITests */ = {
			isa = PBXGroup;
			children = (
				78FDC9A9280CB187007494F5 /* metal_raytracerUITests.swift */,
				78FDC9AB280CB187007494F5 /* metal_raytracerUITestsLaunchTests.swift */,
			);
			path = "metal-raytracerUITests";
			sourceTree = "<group>";
		};
/* End PBXGroup section */

/* Begin PBXNativeTarget section */
		78FDC989280CB185007494F5 /* metal-raytracer */ = {
			isa = PBXNativeTarget;
			buildConfigurationList = 78FDC9AF280CB187007494F5 /* Build configuration list for PBXNativeTarget "metal-raytracer" */;
			buildPhases = (
				78FDC986280CB185007494F5 /* Sources */,
				78FDC987280CB185007494F5 /* Frameworks */,
				78FDC988280CB185007494F5 /* Resources */,
			);
			buildRules = (
			);
			dependencies = (
			);
			name = "metal-raytracer";
			productName = "metal-raytracer";
			productReference = 78FDC98A280CB185007494F5 /* metal-raytracer.app */;
			productType = "com.apple.product-type.application";
		};
		78FDC99A280CB187007494F5 /* metal-raytracerTests */ = {
			isa = PBXNativeTarget;
			buildConfigurationList = 78FDC9B2280CB187007494F5 /* Build configuration list for PBXNativeTarget "metal-raytracerTests" */;
			buildPhases = (
				78FDC997280CB187007494F5 /* Sources */,
				78FDC998280CB187007494F5 /* Frameworks */,
				78FDC999280CB187007494F5 /* Resources */,
			);
			buildRules = (
			);
			dependencies = (
				78FDC99D280CB187007494F5 /* PBXTargetDependency */,
			);
			name = "metal-raytracerTests";
			productName = "metal-raytracerTests";
			productReference = 78FDC99B280CB187007494F5 /* metal-raytracerTests.xctest */;
			productType = "com.apple.product-type.bundle.unit-test";
		};
		78FDC9A4280CB187007494F5 /* metal-raytracerUITests */ = {
			isa = PBXNativeTarget;
			buildConfigurationList = 78FDC9B5280CB187007494F5 /* Build configuration list for PBXNativeTarget "metal-raytracerUITests" */;
			buildPhases = (
				78FDC9A1280CB187007494F5 /* Sources */,
				78FDC9A2280CB187007494F5 /* Frameworks */,
				78FDC9A3280CB187007494F5 /* Resources */,
			);
			buildRules = (
			);
			dependencies = (
				78FDC9A7280CB187007494F5 /* PBXTargetDependency */,
			);
			name = "metal-raytracerUITests";
			productName = "metal-raytracerUITests";
			productReference = 78FDC9A5280CB187007494F5 /* metal-raytracerUITests.xctest */;
			productType = "com.apple.product-type.bundle.ui-testing";
		};
/* End PBXNativeTarget section */

/* Begin PBXProject section */
		78FDC982280CB185007494F5 /* Project object */ = {
			isa = PBXProject;
			attributes = {
				BuildIndependentTargetsInParallel = 1;
				LastSwiftUpdateCheck = 1330;
				LastUpgradeCheck = 1330;
				TargetAttributes = {
					78FDC989280CB185007494F5 = {
						CreatedOnToolsVersion = 13.3;
					};
					78FDC99A280CB187007494F5 = {
						CreatedOnToolsVersion = 13.3;
						TestTargetID = 78FDC989280CB185007494F5;
					};
					78FDC9A4280CB187007494F5 = {
						CreatedOnToolsVersion = 13.3;
						TestTargetID = 78FDC989280CB185007494F5;
					};
				};
			};
			buildConfigurationList = 78FDC985280CB185007494F5 /* Build configuration list for PBXProject "metal-raytracer" */;
			compatibilityVersion = "Xcode 13.0";
			developmentRegion = en;
			hasScannedForEncodings = 0;
			knownRegions = (
				en,
				Base,
			);
			mainGroup = 78FDC981280CB185007494F5;
			productRefGroup = 78FDC98B280CB185007494F5 /* Products */;
			projectDirPath = "";
			projectRoot = "";
			targets = (
				78FDC989280CB185007494F5 /* metal-raytracer */,
				78FDC99A280CB187007494F5 /* metal-raytracerTests */,
				78FDC9A4280CB187007494F5 /* metal-raytracerUITests */,
			);
		};
/* End PBXProject section */

/* Begin PBXResourcesBuildPhase section */
		78FDC988280CB185007494F5 /* Resources */ = {
			isa = PBXResourcesBuildPhase;
			buildActionMask = 2147483647;
			files = (
				78FDC992280CB187007494F5 /* Assets.xcassets in Resources */,
				78FDC995280CB187007494F5 /* Main.storyboard in Resources */,
			);
			runOnlyForDeploymentPostprocessing = 0;
		};
		78FDC999280CB187007494F5 /* Resources */ = {
			isa = PBXResourcesBuildPhase;
			buildActionMask = 2147483647;
			files = (
			);
			runOnlyForDeploymentPostprocessing = 0;
		};
		78FDC9A3280CB187007494F5 /* Resources */ = {
			isa = PBXResourcesBuildPhase;
			buildActionMask = 2147483647;
			files = (
			);
			runOnlyForDeploymentPostprocessing = 0;
		};
/* End PBXResourcesBuildPhase section */

/* Begin PBXSourcesBuildPhase section */
		78FDC986280CB185007494F5 /* Sources */ = {
			isa = PBXSourcesBuildPhase;
			buildActionMask = 2147483647;
			files = (
				78FDC9BB280CB2BE007494F5 /* Shaders.metal in Sources */,
				78FDC990280CB185007494F5 /* ViewController.swift in Sources */,
				78FDC9B9280CB1A6007494F5 /* MainView.swift in Sources */,
				78FDC98E280CB185007494F5 /* AppDelegate.swift in Sources */,
			);
			runOnlyForDeploymentPostprocessing = 0;
		};
		78FDC997280CB187007494F5 /* Sources */ = {
			isa = PBXSourcesBuildPhase;
			buildActionMask = 2147483647;
			files = (
				78FDC9A0280CB187007494F5 /* metal_raytracerTests.swift in Sources */,
			);
			runOnlyForDeploymentPostprocessing = 0;
		};
		78FDC9A1280CB187007494F5 /* Sources */ = {
			isa = PBXSourcesBuildPhase;
			buildActionMask = 2147483647;
			files = (
				78FDC9AC280CB187007494F5 /* metal_raytracerUITestsLaunchTests.swift in Sources */,
				78FDC9AA280CB187007494F5 /* metal_raytracerUITests.swift in Sources */,
			);
			runOnlyForDeploymentPostprocessing = 0;
		};
/* End PBXSourcesBuildPhase section */

/* Begin PBXTargetDependency section */
		78FDC99D280CB187007494F5 /* PBXTargetDependency */ = {
			isa = PBXTargetDependency;
			target = 78FDC989280CB185007494F5 /* metal-raytracer */;
			targetProxy = 78FDC99C280CB187007494F5 /* PBXContainerItemProxy */;
		};
		78FDC9A7280CB187007494F5 /* PBXTargetDependency */ = {
			isa = PBXTargetDependency;
			target = 78FDC989280CB185007494F5 /* metal-raytracer */;
			targetProxy = 78FDC9A6280CB187007494F5 /* PBXContainerItemProxy */;
		};
/* End PBXTargetDependency section */

/* Begin PBXVariantGroup section */
		78FDC993280CB187007494F5 /* Main.storyboard */ = {
			isa = PBXVariantGroup;
			children = (
				78FDC994280CB187007494F5 /* Base */,
			);
			name = Main.storyboard;
			sourceTree = "<group>";
		};
/* End PBXVariantGroup section */

/* Begin XCBuildConfiguration section */
		78FDC9AD280CB187007494F5 /* Debug */ = {
			isa = XCBuildConfiguration;
			buildSettings = {
				ALWAYS_SEARCH_USER_PATHS = NO;
				CLANG_ANALYZER_NONNULL = YES;
				CLANG_ANALYZER_NUMBER_OBJECT_CONVERSION = YES_AGGRESSIVE;
				CLANG_CXX_LANGUAGE_STANDARD = "gnu++17";
				CLANG_ENABLE_MODULES = YES;
				CLANG_ENABLE_OBJC_ARC = YES;
				CLANG_ENABLE_OBJC_WEAK = YES;
				CLANG_WARN_BLOCK_CAPTURE_AUTORELEASING = YES;
				CLANG_WARN_BOOL_CONVERSION = YES;
				CLANG_WARN_COMMA = YES;
				CLANG_WARN_CONSTANT_CONVERSION = YES;
				CLANG_WARN_DEPRECATED_OBJC_IMPLEMENTATIONS = YES;
				CLANG_WARN_DIRECT_OBJC_ISA_USAGE = YES_ERROR;
				CLANG_WARN_DOCUMENTATION_COMMENTS = YES;
				CLANG_WARN_EMPTY_BODY = YES;
				CLANG_WARN_ENUM_CONVERSION = YES;
				CLANG_WARN_INFINITE_RECURSION = YES;
				CLANG_WARN_INT_CONVERSION = YES;
				CLANG_WARN_NON_LITERAL_NULL_CONVERSION = YES;
				CLANG_WARN_OBJC_IMPLICIT_RETAIN_SELF = YES;
				CLANG_WARN_OBJC_LITERAL_CONVERSION = YES;
				CLANG_WARN_OBJC_ROOT_CLASS = YES_ERROR;
				CLANG_WARN_QUOTED_INCLUDE_IN_FRAMEWORK_HEADER = YES;
				CLANG_WARN_RANGE_LOOP_ANALYSIS = YES;
				CLANG_WARN_STRICT_PROTOTYPES = YES;
				CLANG_WARN_SUSPICIOUS_MOVE = YES;
				CLANG_WARN_UNGUARDED_AVAILABILITY = YES_AGGRESSIVE;
				CLANG_WARN_UNREACHABLE_CODE = YES;
				CLANG_WARN__DUPLICATE_METHOD_MATCH = YES;
				COPY_PHASE_STRIP = NO;
				DEBUG_INFORMATION_FORMAT = dwarf;
				ENABLE_STRICT_OBJC_MSGSEND = YES;
				ENABLE_TESTABILITY = YES;
				GCC_C_LANGUAGE_STANDARD = gnu11;
				GCC_DYNAMIC_NO_PIC = NO;
				GCC_NO_COMMON_BLOCKS = YES;
				GCC_OPTIMIZATION_LEVEL = 0;
				GCC_PREPROCESSOR_DEFINITIONS = (
					"DEBUG=1",
					"$(inherited)",
				);
				GCC_WARN_64_TO_32_BIT_CONVERSION = YES;
				GCC_WARN_ABOUT_RETURN_TYPE = YES_ERROR;
				GCC_WARN_UNDECLARED_SELECTOR = YES;
				GCC_WARN_UNINITIALIZED_AUTOS = YES_AGGRESSIVE;
				GCC_WARN_UNUSED_FUNCTION = YES;
				GCC_WARN_UNUSED_VARIABLE = YES;
				MACOSX_DEPLOYMENT_TARGET = 12.3;
				MTL_ENABLE_DEBUG_INFO = INCLUDE_SOURCE;
				MTL_FAST_MATH = YES;
				ONLY_ACTIVE_ARCH = YES;
				SDKROOT = macosx;
				SWIFT_ACTIVE_COMPILATION_CONDITIONS = DEBUG;
				SWIFT_OPTIMIZATION_LEVEL = "-Onone";
			};
			name = Debug;
		};
		78FDC9AE280CB187007494F5 /* Release */ = {
			isa = XCBuildConfiguration;
			buildSettings = {
				ALWAYS_SEARCH_USER_PATHS = NO;
				CLANG_ANALYZER_NONNULL = YES;
				CLANG_ANALYZER_NUMBER_OBJECT_CONVERSION = YES_AGGRESSIVE;
				CLANG_CXX_LANGUAGE_STANDARD = "gnu++17";
				CLANG_ENABLE_MODULES = YES;
				CLANG_ENABLE_OBJC_ARC = YES;
				CLANG_ENABLE_OBJC_WEAK = YES;
				CLANG_WARN_BLOCK_CAPTURE_AUTORELEASING = YES;
				CLANG_WARN_BOOL_CONVERSION = YES;
				CLANG_WARN_COMMA = YES;
				CLANG_WARN_CONSTANT_CONVERSION = YES;
				CLANG_WARN_DEPRECATED_OBJC_IMPLEMENTATIONS = YES;
				CLANG_WARN_DIRECT_OBJC_ISA_USAGE = YES_ERROR;
				CLANG_WARN_DOCUMENTATION_COMMENTS = YES;
				CLANG_WARN_EMPTY_BODY = YES;
				CLANG_WARN_ENUM_CONVERSION = YES;
				CLANG_WARN_INFINITE_RECURSION = YES;
				CLANG_WARN_INT_CONVERSION = YES;
				CLANG_WARN_NON_LITERAL_NULL_CONVERSION = YES;
				CLANG_WARN_OBJC_IMPLICIT_RETAIN_SELF = YES;
				CLANG_WARN_OBJC_LITERAL_CONVERSION = YES;
				CLANG_WARN_OBJC_ROOT_CLASS = YES_ERROR;
				CLANG_WARN_QUOTED_INCLUDE_IN_FRAMEWORK_HEADER = YES;
				CLANG_WARN_RANGE_LOOP_ANALYSIS = YES;
				CLANG_WARN_STRICT_PROTOTYPES = YES;
				CLANG_WARN_SUSPICIOUS_MOVE = YES;
				CLANG_WARN_UNGUARDED_AVAILABILITY = YES_AGGRESSIVE;
				CLANG_WARN_UNREACHABLE_CODE = YES;
				CLANG_WARN__DUPLICATE_METHOD_MATCH = YES;
				COPY_PHASE_STRIP = NO;
				DEBUG_INFORMATION_FORMAT = "dwarf-with-dsym";
				ENABLE_NS_ASSERTIONS = NO;
				ENABLE_STRICT_OBJC_MSGSEND = YES;
				GCC_C_LANGUAGE_STANDARD = gnu11;
				GCC_NO_COMMON_BLOCKS = YES;
				GCC_WARN_64_TO_32_BIT_CONVERSION = YES;
				GCC_WARN_ABOUT_RETURN_TYPE = YES_ERROR;
				GCC_WARN_UNDECLARED_SELECTOR = YES;
				GCC_WARN_UNINITIALIZED_AUTOS = YES_AGGRESSIVE;
				GCC_WARN_UNUSED_FUNCTION = YES;
				GCC_WARN_UNUSED_VARIABLE = YES;
				MACOSX_DEPLOYMENT_TARGET = 12.3;
				MTL_ENABLE_DEBUG_INFO = NO;
				MTL_FAST_MATH = YES;
				SDKROOT = macosx;
				SWIFT_COMPILATION_MODE = wholemodule;
				SWIFT_OPTIMIZATION_LEVEL = "-O";
			};
			name = Release;
		};
		78FDC9B0280CB187007494F5 /* Debug */ = {
			isa = XCBuildConfiguration;
			buildSettings = {
				ASSETCATALOG_COMPILER_APPICON_NAME = AppIcon;
				ASSETCATALOG_COMPILER_GLOBAL_ACCENT_COLOR_NAME = AccentColor;
				CODE_SIGN_ENTITLEMENTS = "metal-raytracer/metal_raytracer.entitlements";
				CODE_SIGN_STYLE = Automatic;
				COMBINE_HIDPI_IMAGES = YES;
				CURRENT_PROJECT_VERSION = 1;
				DEVELOPMENT_TEAM = 65VEZ757KM;
				ENABLE_HARDENED_RUNTIME = YES;
				GENERATE_INFOPLIST_FILE = YES;
				INFOPLIST_KEY_NSHumanReadableCopyright = "";
				INFOPLIST_KEY_NSMainStoryboardFile = Main;
				INFOPLIST_KEY_NSPrincipalClass = NSApplication;
				LD_RUNPATH_SEARCH_PATHS = (
					"$(inherited)",
					"@executable_path/../Frameworks",
				);
				MARKETING_VERSION = 1.0;
				PRODUCT_BUNDLE_IDENTIFIER = "arpan-dhatt.metal-raytracer";
				PRODUCT_NAME = "$(TARGET_NAME)";
				SWIFT_EMIT_LOC_STRINGS = YES;
				SWIFT_VERSION = 5.0;
			};
			name = Debug;
		};
		78FDC9B1280CB187007494F5 /* Release */ = {
			isa = XCBuildConfiguration;
			buildSettings = {
				ASSETCATALOG_COMPILER_APPICON_NAME = AppIcon;
				ASSETCATALOG_COMPILER_GLOBAL_ACCENT_COLOR_NAME = AccentColor;
				CODE_SIGN_ENTITLEMENTS = "metal-raytracer/metal_raytracer.entitlements";
				CODE_SIGN_STYLE = Automatic;
				COMBINE_HIDPI_IMAGES = YES;
				CURRENT_PROJECT_VERSION = 1;
				DEVELOPMENT_TEAM = 65VEZ757KM;
				ENABLE_HARDENED_RUNTIME = YES;
				GENERATE_INFOPLIST_FILE = YES;
				INFOPLIST_KEY_NSHumanReadableCopyright = "";
				INFOPLIST_KEY_NSMainStoryboardFile = Main;
				INFOPLIST_KEY_NSPrincipalClass = NSApplication;
				LD_RUNPATH_SEARCH_PATHS = (
					"$(inherited)",
					"@executable_path/../Frameworks",
				);
				MARKETING_VERSION = 1.0;
				PRODUCT_BUNDLE_IDENTIFIER = "arpan-dhatt.metal-raytracer";
				PRODUCT_NAME = "$(TARGET_NAME)";
				SWIFT_EMIT_LOC_STRINGS = YES;
				SWIFT_VERSION = 5.0;
			};
			name = Release;
		};
		78FDC9B3280CB187007494F5 /* Debug */ = {
			isa = XCBuildConfiguration;
			buildSettings = {
				ALWAYS_EMBED_SWIFT_STANDARD_LIBRARIES = YES;
				BUNDLE_LOADER = "$(TEST_HOST)";
				CODE_SIGN_STYLE = Automatic;
				CURRENT_PROJECT_VERSION = 1;
				DEVELOPMENT_TEAM = 65VEZ757KM;
				GENERATE_INFOPLIST_FILE = YES;
				MACOSX_DEPLOYMENT_TARGET = 12.3;
				MARKETING_VERSION = 1.0;
				PRODUCT_BUNDLE_IDENTIFIER = "arpan-dhatt.metal-raytracerTests";
				PRODUCT_NAME = "$(TARGET_NAME)";
				SWIFT_EMIT_LOC_STRINGS = NO;
				SWIFT_VERSION = 5.0;
				TEST_HOST = "$(BUILT_PRODUCTS_DIR)/metal-raytracer.app/Contents/MacOS/metal-raytracer";
			};
			name = Debug;
		};
		78FDC9B4280CB187007494F5 /* Release */ = {
			isa = XCBuildConfiguration;
			buildSettings = {
				ALWAYS_EMBED_SWIFT_STANDARD_LIBRARIES = YES;
				BUNDLE_LOADER = "$(TEST_HOST)";
				CODE_SIGN_STYLE = Automatic;
				CURRENT_PROJECT_VERSION = 1;
				DEVELOPMENT_TEAM = 65VEZ757KM;
				GENERATE_INFOPLIST_FILE = YES;
				MACOSX_DEPLOYMENT_TARGET = 12.3;
				MARKETING_VERSION = 1.0;
				PRODUCT_BUNDLE_IDENTIFIER = "arpan-dhatt.metal-raytracerTests";
				PRODUCT_NAME = "$(TARGET_NAME)";
				SWIFT_EMIT_LOC_STRINGS = NO;
				SWIFT_VERSION = 5.0;
				TEST_HOST = "$(BUILT_PRODUCTS_DIR)/metal-raytracer.app/Contents/MacOS/metal-raytracer";
			};
			name = Release;
		};
		78FDC9B6280CB187007494F5 /* Debug */ = {
			isa = XCBuildConfiguration;
			buildSettings = {
				ALWAYS_EMBED_SWIFT_STANDARD_LIBRARIES = YES;
				CODE_SIGN_STYLE = Automatic;
				CURRENT_PROJECT_VERSION = 1;
				DEVELOPMENT_TEAM = 65VEZ757KM;
				GENERATE_INFOPLIST_FILE = YES;
				MARKETING_VERSION = 1.0;
				PRODUCT_BUNDLE_IDENTIFIER = "arpan-dhatt.metal-raytracerUITests";
				PRODUCT_NAME = "$(TARGET_NAME)";
				SWIFT_EMIT_LOC_STRINGS = NO;
				SWIFT_VERSION = 5.0;
				TEST_TARGET_NAME = "metal-raytracer";
			};
			name = Debug;
		};
		78FDC9B7280CB187007494F5 /* Release */ = {
			isa = XCBuildConfiguration;
			buildSettings = {
				ALWAYS_EMBED_SWIFT_STANDARD_LIBRARIES = YES;
				CODE_SIGN_STYLE = Automatic;
				CURRENT_PROJECT_VERSION = 1;
				DEVELOPMENT_TEAM = 65VEZ757KM;
				GENERATE_INFOPLIST_FILE = YES;
				MARKETING_VERSION = 1.0;
				PRODUCT_BUNDLE_IDENTIFIER = "arpan-dhatt.metal-raytracerUITests";
				PRODUCT_NAME = "$(TARGET_NAME)";
				SWIFT_EMIT_LOC_STRINGS = NO;
				SWIFT_VERSION = 5.0;
				TEST_TARGET_NAME = "metal-raytracer";
			};
			name = Release;
		};
/* End XCBuildConfiguration section */

/* Begin XCConfigurationList section */
		78FDC985280CB185007494F5 /* Build configuration list for PBXProject "metal-raytracer" */ = {
			isa = XCConfigurationList;
			buildConfigurations = (
				78FDC9AD280CB187007494F5 /* Debug */,
				78FDC9AE280CB187007494F5 /* Release */,
			);
			defaultConfigurationIsVisible = 0;
			defaultConfigurationName = Release;
		};
		78FDC9AF280CB187007494F5 /* Build configuration list for PBXNativeTarget "metal-raytracer" */ = {
			isa = XCConfigurationList;
			buildConfigurations = (
				78FDC9B0280CB187007494F5 /* Debug */,
				78FDC9B1280CB187007494F5 /* Release */,
			);
			defaultConfigurationIsVisible = 0;
			defaultConfigurationName = Release;
		};
		78FDC9B2280CB187007494F5 /* Build configuration list for PBXNativeTarget "metal-raytracerTests" */ = {
			isa = XCConfigurationList;
			buildConfigurations = (
				78FDC9B3280CB187007494F5 /* Debug */,
				78FDC9B4280CB187007494F5 /* Release */,
			);
			defaultConfigurationIsVisible = 0;
			defaultConfigurationName = Release;
		};
		78FDC9B5280CB187007494F5 /* Build configuration list for PBXNativeTarget "metal-raytracerUITests" */ = {
			isa = XCConfigurationList;
			buildConfigurations = (
				78FDC9B6280CB187007494F5 /* Debug */,
				78FDC9B7280CB187007494F5 /* Release */,
			);
			defaultConfigurationIsVisible = 0;
			defaultConfigurationName = Release;
		};
/* End XCConfigurationList section */
	};
	rootObject = 78FDC982280CB185007494F5 /* Project object */;
}
